
Microsoft Visual Studio Solution File, Format Version 12.00
# Visual Studio 14
VisualStudioVersion = 14.0.25420.1
MinimumVisualStudioVersion = 10.0.40219.1
Project("{FAE04EC0-301F-11D3-BF4B-00C04F79EFBC}") = "AdoWPF", "AdoWPF\AdoWPF.csproj", "{E1EEB389-6019-49EE-AAE1-168C90E12775}"
EndProject
Project("{FAE04EC0-301F-11D3-BF4B-00C04F79EFBC}") = "AdoGemeenschap", "AdoGemeenschap\AdoGemeenschap.csproj", "{9BC6B686-4CFD-45DB-B485-45854C106921}"
EndProject
Project("{FAE04EC0-301F-11D3-BF4B-00C04F79EFBC}") = "ConnectiesTesten", "ConnectiesTesten\ConnectiesTesten.csproj", "{5195828B-959A-4AF7-8E54-D566DA9AA240}"
EndProject
Project("{FAE04EC0-301F-11D3-BF4B-00C04F79EFBC}") = "ConnectiesTestenGemeenschap", "ConnectiesTestenGemeenschap\ConnectiesTestenGemeenschap.csproj", "{9AAEC306-4B01-4939-B8B0-37ED11809DB4}"
EndProject
Global
	GlobalSection(SolutionConfigurationPlatforms) = preSolution
		Debug|Any CPU = Debug|Any CPU
		Release|Any CPU = Release|Any CPU
	EndGlobalSection
	GlobalSection(ProjectConfigurationPlatforms) = postSolution
		{E1EEB389-6019-49EE-AAE1-168C90E12775}.Debug|Any CPU.ActiveCfg = Debug|Any CPU
		{E1EEB389-6019-49EE-AAE1-168C90E12775}.Debug|Any CPU.Build.0 = Debug|Any CPU
		{E1EEB389-6019-49EE-AAE1-168C90E12775}.Release|Any CPU.ActiveCfg = Release|Any CPU
		{E1EEB389-6019-49EE-AAE1-168C90E12775}.Release|Any CPU.Build.0 = Release|Any CPU
		{9BC6B686-4CFD-45DB-B485-45854C106921}.Debug|Any CPU.ActiveCfg = Debug|Any CPU
		{9BC6B686-4CFD-45DB-B485-45854C106921}.Debug|Any CPU.Build.0 = Debug|Any CPU
		{9BC6B686-4CFD-45DB-B485-45854C106921}.Release|Any CPU.ActiveCfg = Release|Any CPU
		{9BC6B686-4CFD-45DB-B485-45854C106921}.Release|Any CPU.Build.0 = Release|Any CPU
		{5195828B-959A-4AF7-8E54-D566DA9AA240}.Debug|Any CPU.ActiveCfg = Debug|Any CPU
		{5195828B-959A-4AF7-8E54-D566DA9AA240}.Debug|Any CPU.Build.0 = Debug|Any CPU
		{5195828B-959A-4AF7-8E54-D566DA9AA240}.Release|Any CPU.ActiveCfg = Release|Any CPU
		{5195828B-959A-4AF7-8E54-D566DA9AA240}.Release|Any CPU.Build.0 = Release|Any CPU
		{9AAEC306-4B01-4939-B8B0-37ED11809DB4}.Debug|Any CPU.ActiveCfg = Debug|Any CPU
		{9AAEC306-4B01-4939-B8B0-37ED11809DB4}.Debug|Any CPU.Build.0 = Debug|Any CPU
		{9AAEC306-4B01-4939-B8B0-37ED11809DB4}.Release|Any CPU.ActiveCfg = Release|Any CPU
		{9AAEC306-4B01-4939-B8B0-37ED11809DB4}.Release|Any CPU.Build.0 = Release|Any CPU
	EndGlobalSection
	GlobalSection(SolutionProperties) = preSolution
		HideSolutionNode = FALSE
	EndGlobalSection
EndGlobal
